{
    "_readme": [
        "This file locks the dependencies of your project to a known state",
        "Read more about it at https://getcomposer.org/doc/01-basic-usage.md#installing-dependencies",
        "This file is @generated automatically"
    ],
    "content-hash": "46af4bffd95fb198fb0754b87f5ac543",
    "packages": [
        {
            "name": "components/jquery",
            "version": "3.4.1",
            "source": {
                "type": "git",
                "url": "https://github.com/components/jquery.git",
                "reference": "901828b7968b18319e377dc23d466f28426ee083"
            },
            "dist": {
                "type": "zip",
                "url": "https://api.github.com/repos/components/jquery/zipball/901828b7968b18319e377dc23d466f28426ee083",
                "reference": "901828b7968b18319e377dc23d466f28426ee083",
                "shasum": ""
            },
            "type": "component",
            "extra": {
                "component": {
                    "scripts": [
                        "jquery.js"
                    ],
                    "files": [
                        "jquery.min.js",
                        "jquery.min.map",
                        "jquery.slim.js",
                        "jquery.slim.min.js",
                        "jquery.slim.min.map"
                    ]
                }
            },
            "notification-url": "https://packagist.org/downloads/",
            "license": [
                "MIT"
            ],
            "authors": [
                {
                    "name": "JS Foundation and other contributors"
                }
            ],
            "description": "jQuery JavaScript Library",
            "homepage": "http://jquery.com",
            "time": "2019-10-23T05:15:13+00:00"
        },
        {
            "name": "firebase/php-jwt",
            "version": "v5.2.0",
            "source": {
                "type": "git",
                "url": "https://github.com/firebase/php-jwt.git",
                "reference": "feb0e820b8436873675fd3aca04f3728eb2185cb"
            },
            "dist": {
                "type": "zip",
                "url": "https://api.github.com/repos/firebase/php-jwt/zipball/feb0e820b8436873675fd3aca04f3728eb2185cb",
                "reference": "feb0e820b8436873675fd3aca04f3728eb2185cb",
                "shasum": ""
            },
            "require": {
                "php": ">=5.3.0"
            },
            "require-dev": {
                "phpunit/phpunit": ">=4.8 <=9"
            },
            "type": "library",
            "autoload": {
                "psr-4": {
                    "Firebase\\JWT\\": "src"
                }
            },
            "notification-url": "https://packagist.org/downloads/",
            "license": [
                "BSD-3-Clause"
            ],
            "authors": [
                {
                    "name": "Neuman Vong",
                    "email": "neuman+pear@twilio.com",
                    "role": "Developer"
                },
                {
                    "name": "Anant Narayanan",
                    "email": "anant@php.net",
                    "role": "Developer"
                }
            ],
            "description": "A simple library to encode and decode JSON Web Tokens (JWT) in PHP. Should conform to the current spec.",
            "homepage": "https://github.com/firebase/php-jwt",
            "keywords": [
                "jwt",
                "php"
            ],
            "time": "2020-03-25T18:49:23+00:00"
        },
        {
            "name": "psr/container",
            "version": "1.0.0",
            "source": {
                "type": "git",
                "url": "https://github.com/php-fig/container.git",
                "reference": "b7ce3b176482dbbc1245ebf52b181af44c2cf55f"
            },
            "dist": {
                "type": "zip",
                "url": "https://api.github.com/repos/php-fig/container/zipball/b7ce3b176482dbbc1245ebf52b181af44c2cf55f",
                "reference": "b7ce3b176482dbbc1245ebf52b181af44c2cf55f",
                "shasum": ""
            },
            "require": {
                "php": ">=5.3.0"
            },
            "type": "library",
            "extra": {
                "branch-alias": {
                    "dev-master": "1.0.x-dev"
                }
            },
            "autoload": {
                "psr-4": {
                    "Psr\\Container\\": "src/"
                }
            },
            "notification-url": "https://packagist.org/downloads/",
            "license": [
                "MIT"
            ],
            "authors": [
                {
                    "name": "PHP-FIG",
                    "homepage": "http://www.php-fig.org/"
                }
            ],
            "description": "Common Container Interface (PHP FIG PSR-11)",
            "homepage": "https://github.com/php-fig/container",
            "keywords": [
                "PSR-11",
                "container",
                "container-interface",
                "container-interop",
                "psr"
            ],
            "time": "2017-02-14T16:28:37+00:00"
        },
        {
            "name": "rhubarbphp/custard",
            "version": "1.1.0",
            "source": {
                "type": "git",
                "url": "https://github.com/RhubarbPHP/Custard.git",
                "reference": "311ddf0f668eb1477f38b6f7926783840738deda"
            },
            "dist": {
                "type": "zip",
                "url": "https://api.github.com/repos/RhubarbPHP/Custard/zipball/311ddf0f668eb1477f38b6f7926783840738deda",
                "reference": "311ddf0f668eb1477f38b6f7926783840738deda",
                "shasum": ""
            },
            "require": {
                "symfony/console": ">=2.7.5"
            },
            "bin": [
                "bin/custard",
                "bin/vcustard"
            ],
            "type": "library",
            "autoload": {
                "psr-4": {
                    "Rhubarb\\Custard\\": "src/",
                    "Rhubarb\\Custard\\Tests\\": "tests/"
                }
            },
            "notification-url": "https://packagist.org/downloads/",
            "license": [
                "Apache-2.0"
            ],
            "description": "Provides command line tools for Rhubarb projects.",
            "homepage": "http://www.rhubarbphp.com/",
            "keywords": [
                "cli",
                "command-line",
                "custard",
                "framework",
                "php",
                "rhubarb",
                "tools"
            ],
            "time": "2019-04-05T16:24:43+00:00"
        },
        {
            "name": "rhubarbphp/module-csrfprotection",
            "version": "1.0.5",
            "source": {
                "type": "git",
                "url": "https://github.com/RhubarbPHP/Module.CsrfProtection.git",
                "reference": "3472b0cce4137b33e205183c19530b07f5a17a0d"
            },
            "dist": {
                "type": "zip",
                "url": "https://api.github.com/repos/RhubarbPHP/Module.CsrfProtection/zipball/3472b0cce4137b33e205183c19530b07f5a17a0d",
                "reference": "3472b0cce4137b33e205183c19530b07f5a17a0d",
                "shasum": ""
            },
            "require": {
                "rhubarbphp/rhubarb": "^1.5.6"
            },
            "require-dev": {
                "codeception/codeception": "^2.0.0",
                "codeception/specify": "^0.4.6",
                "codeception/verify": "^0.4.0"
            },
            "type": "library",
            "autoload": {
                "psr-4": {
                    "Rhubarb\\Csrf\\": "src/",
                    "Rhubarb\\Csrf\\Tests\\": "tests/unit/"
                }
            },
            "notification-url": "https://packagist.org/downloads/",
            "license": [
                "Apache-2.0"
            ],
            "description": "A means to provide token based CSRF protection",
            "homepage": "http://www.rhubarbphp.com/",
            "keywords": [
                "csrf",
                "framework",
                "php",
                "protection",
                "rhubarb",
                "token"
            ],
            "time": "2018-01-15T21:02:22+00:00"
        },
        {
            "name": "rhubarbphp/module-jsvalidation",
            "version": "1.1.7",
            "source": {
                "type": "git",
                "url": "https://github.com/RhubarbPHP/Module.JsValidation.git",
                "reference": "84f930dbabb60585191bc25984789077fffdd8ed"
            },
            "dist": {
                "type": "zip",
                "url": "https://api.github.com/repos/RhubarbPHP/Module.JsValidation/zipball/84f930dbabb60585191bc25984789077fffdd8ed",
                "reference": "84f930dbabb60585191bc25984789077fffdd8ed",
                "shasum": ""
            },
            "type": "library",
            "notification-url": "https://packagist.org/downloads/",
            "license": [
                "Apache 2.0"
            ],
            "description": "Provides javascript validation patterns for HTML forms",
            "time": "2019-06-12T14:12:53+00:00"
        },
        {
            "name": "rhubarbphp/module-leaf",
            "version": "1.4.15",
            "source": {
                "type": "git",
                "url": "https://github.com/RhubarbPHP/Module.Leaf.git",
                "reference": "eee3f58f4486ee2e6c67e3ac64168b412f173099"
            },
            "dist": {
                "type": "zip",
                "url": "https://api.github.com/repos/RhubarbPHP/Module.Leaf/zipball/eee3f58f4486ee2e6c67e3ac64168b412f173099",
                "reference": "eee3f58f4486ee2e6c67e3ac64168b412f173099",
                "shasum": ""
            },
            "require": {
                "rhubarbphp/custard": "^1.0.9",
                "rhubarbphp/module-csrfprotection": "^1.0.5",
                "rhubarbphp/module-jsvalidation": "^1.0.0",
                "rhubarbphp/rhubarb": "^1.1.0"
            },
            "require-dev": {
                "codeception/codeception": "^2.0.0",
                "pdepend/pdepend": "^2.0.0",
                "phploc/phploc": "^3.0.0",
                "phpmd/phpmd": "^2.0.0",
                "rhubarbphp/module-build-status-updater": "^1.0.5",
                "sebastian/phpcpd": "^2.0.0",
                "squizlabs/php_codesniffer": "^2.0.0",
                "tan-tan-kanarek/github-php-client": "^1.0.0",
                "theseer/phpdox": "*"
            },
            "type": "library",
            "autoload": {
                "psr-4": {
                    "Rhubarb\\Leaf\\": "src/",
                    "Rhubarb\\Leaf\\Tests\\": "tests/unit/"
                }
            },
            "notification-url": "https://packagist.org/downloads/",
            "license": [
                "Apache-2.0"
            ],
            "description": "A nestable user interface building module for the Rhubarb PHP framework based upon the model-view-presenter pattern.",
            "homepage": "http://www.rhubarbphp.com/",
            "keywords": [
                "framework",
                "leaf",
                "mvp",
                "php",
                "presenter",
                "rhubarb"
            ],
            "time": "2019-12-17T16:31:44+00:00"
        },
        {
            "name": "rhubarbphp/module-leaf-common-controls",
            "version": "1.1.4",
            "source": {
                "type": "git",
                "url": "https://github.com/RhubarbPHP/Module.Leaf.CommonControls.git",
                "reference": "32f5d5c794c7cda7b61c52582d2df7332741d741"
            },
            "dist": {
                "type": "zip",
                "url": "https://api.github.com/repos/RhubarbPHP/Module.Leaf.CommonControls/zipball/32f5d5c794c7cda7b61c52582d2df7332741d741",
                "reference": "32f5d5c794c7cda7b61c52582d2df7332741d741",
                "shasum": ""
            },
            "require": {
                "rhubarbphp/module-leaf": "^1.1.2"
            },
            "type": "library",
            "autoload": {
                "psr-4": {
                    "Rhubarb\\Leaf\\Controls\\Common\\": "src/"
                }
            },
            "notification-url": "https://packagist.org/downloads/",
            "license": [
                "Apache-2.0"
            ],
            "description": "Common form control leaves for the leaf module of Rhubarb",
            "homepage": "http://www.rhubarbphp.com/",
            "keywords": [
                "framework",
                "leaf",
                "mvp",
                "php",
                "presenter",
                "rhubarb"
            ],
            "time": "2019-06-20T14:48:45+00:00"
        },
        {
            "name": "rhubarbphp/rhubarb",
            "version": "1.6.16",
            "source": {
                "type": "git",
                "url": "https://github.com/RhubarbPHP/Rhubarb.git",
                "reference": "eedc0eea7a82318f281c11a4328da44a6fae9cab"
            },
            "dist": {
                "type": "zip",
                "url": "https://api.github.com/repos/RhubarbPHP/Rhubarb/zipball/eedc0eea7a82318f281c11a4328da44a6fae9cab",
                "reference": "eedc0eea7a82318f281c11a4328da44a6fae9cab",
                "shasum": ""
            },
            "require": {
                "firebase/php-jwt": "^4.0 || ^5.0",
                "php": ">=5.6.0",
                "psr/container": "^1.0.0"
            },
            "require-dev": {
                "codeception/codeception": "^2.0.0",
                "rhubarbphp/custard": "^1.0.9",
                "rhubarbphp/module-build-status-updater": "^1.0.5"
            },
            "type": "library",
            "autoload": {
                "psr-4": {
                    "Rhubarb\\Crown\\": "src/",
                    "Rhubarb\\Crown\\Tests\\": "tests/"
                }
            },
            "notification-url": "https://packagist.org/downloads/",
            "license": [
                "Apache-2.0"
            ],
            "description": "A modern enterprise ready PHP framework",
            "homepage": "http://www.rhubarbphp.com/",
            "keywords": [
                "framework",
                "php"
            ],
            "time": "2020-03-06T13:04:42+00:00"
        },
        {
            "name": "symfony/console",
            "version": "v5.0.7",
            "source": {
                "type": "git",
                "url": "https://github.com/symfony/console.git",
                "reference": "5fa1caadc8cdaa17bcfb25219f3b53fe294a9935"
            },
            "dist": {
                "type": "zip",
                "url": "https://api.github.com/repos/symfony/console/zipball/5fa1caadc8cdaa17bcfb25219f3b53fe294a9935",
                "reference": "5fa1caadc8cdaa17bcfb25219f3b53fe294a9935",
                "shasum": ""
            },
            "require": {
                "php": "^7.2.5",
                "symfony/polyfill-mbstring": "~1.0",
                "symfony/polyfill-php73": "^1.8",
                "symfony/service-contracts": "^1.1|^2"
            },
            "conflict": {
                "symfony/dependency-injection": "<4.4",
                "symfony/event-dispatcher": "<4.4",
                "symfony/lock": "<4.4",
                "symfony/process": "<4.4"
            },
            "provide": {
                "psr/log-implementation": "1.0"
            },
            "require-dev": {
                "psr/log": "~1.0",
                "symfony/config": "^4.4|^5.0",
                "symfony/dependency-injection": "^4.4|^5.0",
                "symfony/event-dispatcher": "^4.4|^5.0",
                "symfony/lock": "^4.4|^5.0",
                "symfony/process": "^4.4|^5.0",
                "symfony/var-dumper": "^4.4|^5.0"
            },
            "suggest": {
                "psr/log": "For using the console logger",
                "symfony/event-dispatcher": "",
                "symfony/lock": "",
                "symfony/process": ""
            },
            "type": "library",
            "extra": {
                "branch-alias": {
                    "dev-master": "5.0-dev"
                }
            },
            "autoload": {
                "psr-4": {
                    "Symfony\\Component\\Console\\": ""
                },
                "exclude-from-classmap": [
                    "/Tests/"
                ]
            },
            "notification-url": "https://packagist.org/downloads/",
            "license": [
                "MIT"
            ],
            "authors": [
                {
                    "name": "Fabien Potencier",
                    "email": "fabien@symfony.com"
                },
                {
                    "name": "Symfony Community",
                    "homepage": "https://symfony.com/contributors"
                }
            ],
            "description": "Symfony Console Component",
            "homepage": "https://symfony.com",
            "time": "2020-03-30T11:42:42+00:00"
        },
        {
            "name": "symfony/polyfill-mbstring",
            "version": "v1.15.0",
            "source": {
                "type": "git",
                "url": "https://github.com/symfony/polyfill-mbstring.git",
                "reference": "81ffd3a9c6d707be22e3012b827de1c9775fc5ac"
            },
            "dist": {
                "type": "zip",
                "url": "https://api.github.com/repos/symfony/polyfill-mbstring/zipball/81ffd3a9c6d707be22e3012b827de1c9775fc5ac",
                "reference": "81ffd3a9c6d707be22e3012b827de1c9775fc5ac",
                "shasum": ""
            },
            "require": {
                "php": ">=5.3.3"
            },
            "suggest": {
                "ext-mbstring": "For best performance"
            },
            "type": "library",
            "extra": {
                "branch-alias": {
                    "dev-master": "1.15-dev"
                }
            },
            "autoload": {
                "psr-4": {
                    "Symfony\\Polyfill\\Mbstring\\": ""
                },
                "files": [
                    "bootstrap.php"
                ]
            },
            "notification-url": "https://packagist.org/downloads/",
            "license": [
                "MIT"
            ],
            "authors": [
                {
                    "name": "Nicolas Grekas",
                    "email": "p@tchwork.com"
                },
                {
                    "name": "Symfony Community",
                    "homepage": "https://symfony.com/contributors"
                }
            ],
            "description": "Symfony polyfill for the Mbstring extension",
            "homepage": "https://symfony.com",
            "keywords": [
                "compatibility",
                "mbstring",
                "polyfill",
                "portable",
                "shim"
            ],
            "time": "2020-03-09T19:04:49+00:00"
        },
        {
            "name": "symfony/polyfill-php73",
            "version": "v1.15.0",
            "source": {
                "type": "git",
                "url": "https://github.com/symfony/polyfill-php73.git",
                "reference": "0f27e9f464ea3da33cbe7ca3bdf4eb66def9d0f7"
            },
            "dist": {
                "type": "zip",
                "url": "https://api.github.com/repos/symfony/polyfill-php73/zipball/0f27e9f464ea3da33cbe7ca3bdf4eb66def9d0f7",
                "reference": "0f27e9f464ea3da33cbe7ca3bdf4eb66def9d0f7",
                "shasum": ""
            },
            "require": {
                "php": ">=5.3.3"
            },
            "type": "library",
            "extra": {
                "branch-alias": {
                    "dev-master": "1.15-dev"
                }
            },
            "autoload": {
                "psr-4": {
                    "Symfony\\Polyfill\\Php73\\": ""
                },
                "files": [
                    "bootstrap.php"
                ],
                "classmap": [
                    "Resources/stubs"
                ]
            },
            "notification-url": "https://packagist.org/downloads/",
            "license": [
                "MIT"
            ],
            "authors": [
                {
                    "name": "Nicolas Grekas",
                    "email": "p@tchwork.com"
                },
                {
                    "name": "Symfony Community",
                    "homepage": "https://symfony.com/contributors"
                }
            ],
            "description": "Symfony polyfill backporting some PHP 7.3+ features to lower PHP versions",
            "homepage": "https://symfony.com",
            "keywords": [
                "compatibility",
                "polyfill",
                "portable",
                "shim"
            ],
            "time": "2020-02-27T09:26:54+00:00"
        },
        {
            "name": "symfony/service-contracts",
            "version": "v2.0.1",
            "source": {
                "type": "git",
                "url": "https://github.com/symfony/service-contracts.git",
                "reference": "144c5e51266b281231e947b51223ba14acf1a749"
            },
            "dist": {
                "type": "zip",
                "url": "https://api.github.com/repos/symfony/service-contracts/zipball/144c5e51266b281231e947b51223ba14acf1a749",
                "reference": "144c5e51266b281231e947b51223ba14acf1a749",
                "shasum": ""
            },
            "require": {
                "php": "^7.2.5",
                "psr/container": "^1.0"
            },
            "suggest": {
                "symfony/service-implementation": ""
            },
            "type": "library",
            "extra": {
                "branch-alias": {
                    "dev-master": "2.0-dev"
                }
            },
            "autoload": {
                "psr-4": {
                    "Symfony\\Contracts\\Service\\": ""
                }
            },
            "notification-url": "https://packagist.org/downloads/",
            "license": [
                "MIT"
            ],
            "authors": [
                {
                    "name": "Nicolas Grekas",
                    "email": "p@tchwork.com"
                },
                {
                    "name": "Symfony Community",
                    "homepage": "https://symfony.com/contributors"
                }
            ],
            "description": "Generic abstractions related to writing services",
            "homepage": "https://symfony.com",
            "keywords": [
                "abstractions",
                "contracts",
                "decoupling",
                "interfaces",
                "interoperability",
                "standards"
            ],
            "time": "2019-11-18T17:27:11+00:00"
        }
    ],
    "packages-dev": [],
    "aliases": [],
    "minimum-stability": "stable",
    "stability-flags": [],
    "prefer-stable": false,
    "prefer-lowest": false,
    "platform": [],
    "platform-dev": []
}
